
Microsoft Visual Studio Solution File, Format Version 12.00
# Visual Studio Version 17
VisualStudioVersion = 17.4.33205.214
MinimumVisualStudioVersion = 10.0.40219.1
Project("{8BC9CEB8-8B4A-11D0-8D11-00A0C91BC942}") = "산업체3", "산업체3\산업체3.vcxproj", "{DB920F77-0676-4C3A-BB11-650087D11250}"
EndProject
Global
	GlobalSection(SolutionConfigurationPlatforms) = preSolution
		Debug|x64 = Debug|x64
		Debug|x86 = Debug|x86
		Release|x64 = Release|x64
		Release|x86 = Release|x86
	EndGlobalSection
	GlobalSection(ProjectConfigurationPlatforms) = postSolution
		{DB920F77-0676-4C3A-BB11-650087D11250}.Debug|x64.ActiveCfg = Debug|x64
		{DB920F77-0676-4C3A-BB11-650087D11250}.Debug|x64.Build.0 = Debug|x64
		{DB920F77-0676-4C3A-BB11-650087D11250}.Debug|x86.ActiveCfg = Debug|Win32
		{DB920F77-0676-4C3A-BB11-650087D11250}.Debug|x86.Build.0 = Debug|Win32
		{DB920F77-0676-4C3A-BB11-650087D11250}.Release|x64.ActiveCfg = Release|x64
		{DB920F77-0676-4C3A-BB11-650087D11250}.Release|x64.Build.0 = Release|x64
		{DB920F77-0676-4C3A-BB11-650087D11250}.Release|x86.ActiveCfg = Release|Win32
		{DB920F77-0676-4C3A-BB11-650087D11250}.Release|x86.Build.0 = Release|Win32
	EndGlobalSection
	GlobalSection(SolutionProperties) = preSolution
		HideSolutionNode = FALSE
	EndGlobalSection
	GlobalSection(ExtensibilityGlobals) = postSolution
		SolutionGuid = {5703395E-52FE-4A3A-BC36-2EDA3450EEC5}
	EndGlobalSection
EndGlobal
